
Microsoft Visual Studio Solution File, Format Version 12.00
# Visual Studio Version 17
VisualStudioVersion = 17.12.35514.174
MinimumVisualStudioVersion = 10.0.40219.1
Project("{FAE04EC0-301F-11D3-BF4B-00C04F79EFBC}") = "Evimden.BusinessLayer", "Evimden.BusinessLayer\Evimden.BusinessLayer.csproj", "{CAAE48E6-CAA6-4200-8664-8ABE39201D58}"
EndProject
Project("{FAE04EC0-301F-11D3-BF4B-00C04F79EFBC}") = "Evimden.DataAccessLayer", "Evimden.DataAccessLayer\Evimden.DataAccessLayer.csproj", "{6A1F4D83-CECB-4B65-BA17-2230D51B44CE}"
EndProject
Project("{FAE04EC0-301F-11D3-BF4B-00C04F79EFBC}") = "Evimden.CoreLayer", "Evimden.CoreLayer\Evimden.CoreLayer.csproj", "{E6FB8FC0-C523-470C-81FA-487477CB00B0}"
EndProject
Project("{FAE04EC0-301F-11D3-BF4B-00C04F79EFBC}") = "Evimden.UI.Web", "Evimden.UI.Web\Evimden.UI.Web.csproj", "{8096D8E9-AE73-479E-9D75-144B4C56D832}"
EndProject
Global
	GlobalSection(SolutionConfigurationPlatforms) = preSolution
		Debug|Any CPU = Debug|Any CPU
		Release|Any CPU = Release|Any CPU
	EndGlobalSection
	GlobalSection(ProjectConfigurationPlatforms) = postSolution
		{CAAE48E6-CAA6-4200-8664-8ABE39201D58}.Debug|Any CPU.ActiveCfg = Debug|Any CPU
		{CAAE48E6-CAA6-4200-8664-8ABE39201D58}.Debug|Any CPU.Build.0 = Debug|Any CPU
		{CAAE48E6-CAA6-4200-8664-8ABE39201D58}.Release|Any CPU.ActiveCfg = Release|Any CPU
		{CAAE48E6-CAA6-4200-8664-8ABE39201D58}.Release|Any CPU.Build.0 = Release|Any CPU
		{6A1F4D83-CECB-4B65-BA17-2230D51B44CE}.Debug|Any CPU.ActiveCfg = Debug|Any CPU
		{6A1F4D83-CECB-4B65-BA17-2230D51B44CE}.Debug|Any CPU.Build.0 = Debug|Any CPU
		{6A1F4D83-CECB-4B65-BA17-2230D51B44CE}.Release|Any CPU.ActiveCfg = Release|Any CPU
		{6A1F4D83-CECB-4B65-BA17-2230D51B44CE}.Release|Any CPU.Build.0 = Release|Any CPU
		{E6FB8FC0-C523-470C-81FA-487477CB00B0}.Debug|Any CPU.ActiveCfg = Debug|Any CPU
		{E6FB8FC0-C523-470C-81FA-487477CB00B0}.Debug|Any CPU.Build.0 = Debug|Any CPU
		{E6FB8FC0-C523-470C-81FA-487477CB00B0}.Release|Any CPU.ActiveCfg = Release|Any CPU
		{E6FB8FC0-C523-470C-81FA-487477CB00B0}.Release|Any CPU.Build.0 = Release|Any CPU
		{8096D8E9-AE73-479E-9D75-144B4C56D832}.Debug|Any CPU.ActiveCfg = Debug|Any CPU
		{8096D8E9-AE73-479E-9D75-144B4C56D832}.Debug|Any CPU.Build.0 = Debug|Any CPU
		{8096D8E9-AE73-479E-9D75-144B4C56D832}.Release|Any CPU.ActiveCfg = Release|Any CPU
		{8096D8E9-AE73-479E-9D75-144B4C56D832}.Release|Any CPU.Build.0 = Release|Any CPU
	EndGlobalSection
	GlobalSection(SolutionProperties) = preSolution
		HideSolutionNode = FALSE
	EndGlobalSection
EndGlobal
